
Microsoft Visual Studio Solution File, Format Version 12.00
# Visual Studio Version 16
VisualStudioVersion = 16.0.33027.164
MinimumVisualStudioVersion = 10.0.40219.1
Project("{FAE04EC0-301F-11D3-BF4B-00C04F79EFBC}") = "WarehouseManagement", "WarehouseManagement\WarehouseManagement.csproj", "{894C5BFD-147C-43A6-AC45-2CB8E5C07894}"
EndProject
Global
	GlobalSection(SolutionConfigurationPlatforms) = preSolution
		Debug|Any CPU = Debug|Any CPU
		Release|Any CPU = Release|Any CPU
	EndGlobalSection
	GlobalSection(ProjectConfigurationPlatforms) = postSolution
		{894C5BFD-147C-43A6-AC45-2CB8E5C07894}.Debug|Any CPU.ActiveCfg = Debug|Any CPU
		{894C5BFD-147C-43A6-AC45-2CB8E5C07894}.Debug|Any CPU.Build.0 = Debug|Any CPU
		{894C5BFD-147C-43A6-AC45-2CB8E5C07894}.Release|Any CPU.ActiveCfg = Release|Any CPU
		{894C5BFD-147C-43A6-AC45-2CB8E5C07894}.Release|Any CPU.Build.0 = Release|Any CPU
	EndGlobalSection
	GlobalSection(SolutionProperties) = preSolution
		HideSolutionNode = FALSE
	EndGlobalSection
	GlobalSection(ExtensibilityGlobals) = postSolution
		SolutionGuid = {8D7DC906-7D1E-4ED1-A998-1283FF042319}
	EndGlobalSection
EndGlobal
